
Microsoft Visual Studio Solution File, Format Version 12.00
# Visual Studio Version 16
VisualStudioVersion = 16.0.31624.102
MinimumVisualStudioVersion = 10.0.40219.1
Project("{FAE04EC0-301F-11D3-BF4B-00C04F79EFBC}") = "D01_Intro", "D01_Intro\D01_Intro.csproj", "{FE248E7E-F548-49EC-B199-A173478BA3F5}"
EndProject
Project("{FAE04EC0-301F-11D3-BF4B-00C04F79EFBC}") = "D02_AlgoritmoMedia", "D02_AlgoritmoMedia\D02_AlgoritmoMedia.csproj", "{14CBFD39-C6BD-463F-99AB-B0EF4747CBDE}"
EndProject
Project("{FAE04EC0-301F-11D3-BF4B-00C04F79EFBC}") = "E01_NomeCompleto_v1", "E01_NomeCompleto_v1\E01_NomeCompleto_v1.csproj", "{55922CFF-453B-43F5-8013-1D099D49B44A}"
EndProject
Project("{FAE04EC0-301F-11D3-BF4B-00C04F79EFBC}") = "E02_NomeCompleto_v2", "E01_NomeCompleto_v2\E02_NomeCompleto_v2.csproj", "{31ABF3C9-C49D-4CD3-9933-AFA570920A74}"
EndProject
Project("{FAE04EC0-301F-11D3-BF4B-00C04F79EFBC}") = "D03_TiposDados", "D03_TiposDados\D03_TiposDados.csproj", "{112F22E8-FC0E-4723-A827-7E179CEBC303}"
EndProject
Project("{FAE04EC0-301F-11D3-BF4B-00C04F79EFBC}") = "D04_ConversaoDados", "D04_ConversaoDados\D04_ConversaoDados.csproj", "{FE549390-C4C9-4EEA-A1D7-E941DFBA9F85}"
EndProject
Project("{FAE04EC0-301F-11D3-BF4B-00C04F79EFBC}") = "D05_ManipulacaoDados", "D05_ManipulacaoDados\D05_ManipulacaoDados.csproj", "{C8E668DB-38CC-457A-A427-C61481E65265}"
EndProject
Project("{FAE04EC0-301F-11D3-BF4B-00C04F79EFBC}") = "D06_EstruturasCondicionais", "D06_EstruturasCondicionais\D06_EstruturasCondicionais.csproj", "{E813BC47-AD3D-4D05-9081-29AB8ED70DF0}"
EndProject
Project("{FAE04EC0-301F-11D3-BF4B-00C04F79EFBC}") = "D07_EstruturasCiclicas", "D07_EstruturasCiclicas\D07_EstruturasCiclicas.csproj", "{11DC19BF-4E00-434A-8C0B-1E252656C2C8}"
EndProject
Project("{FAE04EC0-301F-11D3-BF4B-00C04F79EFBC}") = "D08_EstruturasDados", "D08_EstruturasDados\D08_EstruturasDados.csproj", "{F21C8540-85B8-4950-B188-2A08190BBF33}"
EndProject
Project("{FAE04EC0-301F-11D3-BF4B-00C04F79EFBC}") = "D09_Classes", "D09_Classes\D09_Classes.csproj", "{055E41D9-E9DB-41F8-9BF8-B632E131E99D}"
EndProject
Project("{FAE04EC0-301F-11D3-BF4B-00C04F79EFBC}") = "E03_NomeCompletoClasses_v1", "E03_NomeCompletoClasses_v1\E03_NomeCompletoClasses_v1.csproj", "{32EAE10C-E0D7-4EC7-BB26-11943A8434EC}"
EndProject
Project("{FAE04EC0-301F-11D3-BF4B-00C04F79EFBC}") = "E04_Calculadora_v1", "E04_Calculadora_v1\E04_Calculadora_v1.csproj", "{FCA1ED1C-0CB1-43A8-AD9B-94512A016E17}"
EndProject
Project("{FAE04EC0-301F-11D3-BF4B-00C04F79EFBC}") = "D11_TratamentoDeErros", "D11_TratamentoDeErros\D11_TratamentoDeErros.csproj", "{73081174-C383-4501-81DD-4D77C6AEDE2F}"
EndProject
Project("{FAE04EC0-301F-11D3-BF4B-00C04F79EFBC}") = "E05_Carro", "E05_Carro\E05_Carro.csproj", "{5D427BD8-58C2-4499-A975-3D801BAA6390}"
EndProject
Project("{FAE04EC0-301F-11D3-BF4B-00C04F79EFBC}") = "D10_Metodos", "D10_Metodos\D10_Metodos.csproj", "{A7E50FB6-ED57-4205-90D8-C7D51F2AAC08}"
EndProject
Project("{FAE04EC0-301F-11D3-BF4B-00C04F79EFBC}") = "D12_Colecoes", "D12_Colecoes\D12_Colecoes.csproj", "{B4C1DF36-9DB2-4CBE-8747-0DD0806978CB}"
EndProject
Global
	GlobalSection(SolutionConfigurationPlatforms) = preSolution
		Debug|Any CPU = Debug|Any CPU
		Release|Any CPU = Release|Any CPU
	EndGlobalSection
	GlobalSection(ProjectConfigurationPlatforms) = postSolution
		{FE248E7E-F548-49EC-B199-A173478BA3F5}.Debug|Any CPU.ActiveCfg = Debug|Any CPU
		{FE248E7E-F548-49EC-B199-A173478BA3F5}.Debug|Any CPU.Build.0 = Debug|Any CPU
		{FE248E7E-F548-49EC-B199-A173478BA3F5}.Release|Any CPU.ActiveCfg = Release|Any CPU
		{FE248E7E-F548-49EC-B199-A173478BA3F5}.Release|Any CPU.Build.0 = Release|Any CPU
		{14CBFD39-C6BD-463F-99AB-B0EF4747CBDE}.Debug|Any CPU.ActiveCfg = Debug|Any CPU
		{14CBFD39-C6BD-463F-99AB-B0EF4747CBDE}.Debug|Any CPU.Build.0 = Debug|Any CPU
		{14CBFD39-C6BD-463F-99AB-B0EF4747CBDE}.Release|Any CPU.ActiveCfg = Release|Any CPU
		{14CBFD39-C6BD-463F-99AB-B0EF4747CBDE}.Release|Any CPU.Build.0 = Release|Any CPU
		{55922CFF-453B-43F5-8013-1D099D49B44A}.Debug|Any CPU.ActiveCfg = Debug|Any CPU
		{55922CFF-453B-43F5-8013-1D099D49B44A}.Debug|Any CPU.Build.0 = Debug|Any CPU
		{55922CFF-453B-43F5-8013-1D099D49B44A}.Release|Any CPU.ActiveCfg = Release|Any CPU
		{55922CFF-453B-43F5-8013-1D099D49B44A}.Release|Any CPU.Build.0 = Release|Any CPU
		{31ABF3C9-C49D-4CD3-9933-AFA570920A74}.Debug|Any CPU.ActiveCfg = Debug|Any CPU
		{31ABF3C9-C49D-4CD3-9933-AFA570920A74}.Debug|Any CPU.Build.0 = Debug|Any CPU
		{31ABF3C9-C49D-4CD3-9933-AFA570920A74}.Release|Any CPU.ActiveCfg = Release|Any CPU
		{31ABF3C9-C49D-4CD3-9933-AFA570920A74}.Release|Any CPU.Build.0 = Release|Any CPU
		{112F22E8-FC0E-4723-A827-7E179CEBC303}.Debug|Any CPU.ActiveCfg = Debug|Any CPU
		{112F22E8-FC0E-4723-A827-7E179CEBC303}.Debug|Any CPU.Build.0 = Debug|Any CPU
		{112F22E8-FC0E-4723-A827-7E179CEBC303}.Release|Any CPU.ActiveCfg = Release|Any CPU
		{112F22E8-FC0E-4723-A827-7E179CEBC303}.Release|Any CPU.Build.0 = Release|Any CPU
		{FE549390-C4C9-4EEA-A1D7-E941DFBA9F85}.Debug|Any CPU.ActiveCfg = Debug|Any CPU
		{FE549390-C4C9-4EEA-A1D7-E941DFBA9F85}.Debug|Any CPU.Build.0 = Debug|Any CPU
		{FE549390-C4C9-4EEA-A1D7-E941DFBA9F85}.Release|Any CPU.ActiveCfg = Release|Any CPU
		{FE549390-C4C9-4EEA-A1D7-E941DFBA9F85}.Release|Any CPU.Build.0 = Release|Any CPU
		{C8E668DB-38CC-457A-A427-C61481E65265}.Debug|Any CPU.ActiveCfg = Debug|Any CPU
		{C8E668DB-38CC-457A-A427-C61481E65265}.Debug|Any CPU.Build.0 = Debug|Any CPU
		{C8E668DB-38CC-457A-A427-C61481E65265}.Release|Any CPU.ActiveCfg = Release|Any CPU
		{C8E668DB-38CC-457A-A427-C61481E65265}.Release|Any CPU.Build.0 = Release|Any CPU
		{E813BC47-AD3D-4D05-9081-29AB8ED70DF0}.Debug|Any CPU.ActiveCfg = Debug|Any CPU
		{E813BC47-AD3D-4D05-9081-29AB8ED70DF0}.Debug|Any CPU.Build.0 = Debug|Any CPU
		{E813BC47-AD3D-4D05-9081-29AB8ED70DF0}.Release|Any CPU.ActiveCfg = Release|Any CPU
		{E813BC47-AD3D-4D05-9081-29AB8ED70DF0}.Release|Any CPU.Build.0 = Release|Any CPU
		{11DC19BF-4E00-434A-8C0B-1E252656C2C8}.Debug|Any CPU.ActiveCfg = Debug|Any CPU
		{11DC19BF-4E00-434A-8C0B-1E252656C2C8}.Debug|Any CPU.Build.0 = Debug|Any CPU
		{11DC19BF-4E00-434A-8C0B-1E252656C2C8}.Release|Any CPU.ActiveCfg = Release|Any CPU
		{11DC19BF-4E00-434A-8C0B-1E252656C2C8}.Release|Any CPU.Build.0 = Release|Any CPU
		{F21C8540-85B8-4950-B188-2A08190BBF33}.Debug|Any CPU.ActiveCfg = Debug|Any CPU
		{F21C8540-85B8-4950-B188-2A08190BBF33}.Debug|Any CPU.Build.0 = Debug|Any CPU
		{F21C8540-85B8-4950-B188-2A08190BBF33}.Release|Any CPU.ActiveCfg = Release|Any CPU
		{F21C8540-85B8-4950-B188-2A08190BBF33}.Release|Any CPU.Build.0 = Release|Any CPU
		{055E41D9-E9DB-41F8-9BF8-B632E131E99D}.Debug|Any CPU.ActiveCfg = Debug|Any CPU
		{055E41D9-E9DB-41F8-9BF8-B632E131E99D}.Debug|Any CPU.Build.0 = Debug|Any CPU
		{055E41D9-E9DB-41F8-9BF8-B632E131E99D}.Release|Any CPU.ActiveCfg = Release|Any CPU
		{055E41D9-E9DB-41F8-9BF8-B632E131E99D}.Release|Any CPU.Build.0 = Release|Any CPU
		{32EAE10C-E0D7-4EC7-BB26-11943A8434EC}.Debug|Any CPU.ActiveCfg = Debug|Any CPU
		{32EAE10C-E0D7-4EC7-BB26-11943A8434EC}.Debug|Any CPU.Build.0 = Debug|Any CPU
		{32EAE10C-E0D7-4EC7-BB26-11943A8434EC}.Release|Any CPU.ActiveCfg = Release|Any CPU
		{32EAE10C-E0D7-4EC7-BB26-11943A8434EC}.Release|Any CPU.Build.0 = Release|Any CPU
		{FCA1ED1C-0CB1-43A8-AD9B-94512A016E17}.Debug|Any CPU.ActiveCfg = Debug|Any CPU
		{FCA1ED1C-0CB1-43A8-AD9B-94512A016E17}.Debug|Any CPU.Build.0 = Debug|Any CPU
		{FCA1ED1C-0CB1-43A8-AD9B-94512A016E17}.Release|Any CPU.ActiveCfg = Release|Any CPU
		{FCA1ED1C-0CB1-43A8-AD9B-94512A016E17}.Release|Any CPU.Build.0 = Release|Any CPU
		{73081174-C383-4501-81DD-4D77C6AEDE2F}.Debug|Any CPU.ActiveCfg = Debug|Any CPU
		{73081174-C383-4501-81DD-4D77C6AEDE2F}.Debug|Any CPU.Build.0 = Debug|Any CPU
		{73081174-C383-4501-81DD-4D77C6AEDE2F}.Release|Any CPU.ActiveCfg = Release|Any CPU
		{73081174-C383-4501-81DD-4D77C6AEDE2F}.Release|Any CPU.Build.0 = Release|Any CPU
		{5D427BD8-58C2-4499-A975-3D801BAA6390}.Debug|Any CPU.ActiveCfg = Debug|Any CPU
		{5D427BD8-58C2-4499-A975-3D801BAA6390}.Debug|Any CPU.Build.0 = Debug|Any CPU
		{5D427BD8-58C2-4499-A975-3D801BAA6390}.Release|Any CPU.ActiveCfg = Release|Any CPU
		{5D427BD8-58C2-4499-A975-3D801BAA6390}.Release|Any CPU.Build.0 = Release|Any CPU
		{A7E50FB6-ED57-4205-90D8-C7D51F2AAC08}.Debug|Any CPU.ActiveCfg = Debug|Any CPU
		{A7E50FB6-ED57-4205-90D8-C7D51F2AAC08}.Debug|Any CPU.Build.0 = Debug|Any CPU
		{A7E50FB6-ED57-4205-90D8-C7D51F2AAC08}.Release|Any CPU.ActiveCfg = Release|Any CPU
		{A7E50FB6-ED57-4205-90D8-C7D51F2AAC08}.Release|Any CPU.Build.0 = Release|Any CPU
		{B4C1DF36-9DB2-4CBE-8747-0DD0806978CB}.Debug|Any CPU.ActiveCfg = Debug|Any CPU
		{B4C1DF36-9DB2-4CBE-8747-0DD0806978CB}.Debug|Any CPU.Build.0 = Debug|Any CPU
		{B4C1DF36-9DB2-4CBE-8747-0DD0806978CB}.Release|Any CPU.ActiveCfg = Release|Any CPU
		{B4C1DF36-9DB2-4CBE-8747-0DD0806978CB}.Release|Any CPU.Build.0 = Release|Any CPU
	EndGlobalSection
	GlobalSection(SolutionProperties) = preSolution
		HideSolutionNode = FALSE
	EndGlobalSection
	GlobalSection(ExtensibilityGlobals) = postSolution
		SolutionGuid = {9DFE2ECE-9C25-4C3C-BD48-36D4B20D0827}
	EndGlobalSection
EndGlobal
